
Microsoft Visual Studio Solution File, Format Version 12.00
# Visual Studio Version 17
VisualStudioVersion = 17.1.32328.378
MinimumVisualStudioVersion = 10.0.40219.1
Project("{2150E333-8FDC-42A3-9474-1A3956D46DE8}") = "Core", "Core", "{9346962D-5739-4BCF-88FD-43AFCCCEF0A6}"
EndProject
Project("{2150E333-8FDC-42A3-9474-1A3956D46DE8}") = "Tests", "Tests", "{9EC7B6CA-F8CB-4628-83FD-DC2F24285C55}"
EndProject
Project("{2150E333-8FDC-42A3-9474-1A3956D46DE8}") = "Infrastructure", "Infrastructure", "{78BC021B-940A-4913-B529-397E61772E11}"
EndProject
Project("{2150E333-8FDC-42A3-9474-1A3956D46DE8}") = "UserInterface", "UserInterface", "{B1F4EF7E-F28D-4FBF-B198-CA7F25234F64}"
EndProject
Project("{FAE04EC0-301F-11D3-BF4B-00C04F79EFBC}") = "Bny.UploadBoletos.Domain", "src\Bny.UploadBoletos.Domain\Bny.UploadBoletos.Domain.csproj", "{F3D14A1C-5E63-4D39-BEA7-CD8C8E896F13}"
EndProject
Project("{FAE04EC0-301F-11D3-BF4B-00C04F79EFBC}") = "Bny.UploadBoletos.SharedKernel", "src\Bny.UploadBoletos.SharedKernel\Bny.UploadBoletos.SharedKernel.csproj", "{47A50178-AA20-4AD4-837B-4E07D34DF84C}"
EndProject
Project("{FAE04EC0-301F-11D3-BF4B-00C04F79EFBC}") = "Bny.UploadBoletos.Api", "src\Bny.UploadBoletos.Api\Bny.UploadBoletos.Api.csproj", "{CFF38649-E9BF-41C4-B2F3-4345889EB52F}"
EndProject
Project("{FAE04EC0-301F-11D3-BF4B-00C04F79EFBC}") = "Bny.UploadBoletos.Infra.IoC", "src\Bny.UploadBoletos.Infrastructure\Bny.UploadBoletos.Infra.IoC.csproj", "{E17C92E2-D4F7-45EF-AA24-4A8A934044B9}"
EndProject
Project("{2150E333-8FDC-42A3-9474-1A3956D46DE8}") = "Application", "Application", "{C41B5EC8-FDAF-401D-AC14-568249BCFB4B}"
EndProject
Project("{FAE04EC0-301F-11D3-BF4B-00C04F79EFBC}") = "Bny.UploadBoletos.Application", "src\Bny.UploadBoletos.Application\Bny.UploadBoletos.Application.csproj", "{6EB13A4D-8E41-4DCB-8428-45AF593E77CF}"
EndProject
Project("{FAE04EC0-301F-11D3-BF4B-00C04F79EFBC}") = "Bny.UploadBoletos.Infra.Data", "src\Bny.UploadBoletos.Infra.Data\Bny.UploadBoletos.Infra.Data.csproj", "{B53F2EAF-5C02-4FD8-908A-B7533191D17E}"
EndProject
Global
	GlobalSection(SolutionConfigurationPlatforms) = preSolution
		Debug|Any CPU = Debug|Any CPU
		Release|Any CPU = Release|Any CPU
	EndGlobalSection
	GlobalSection(ProjectConfigurationPlatforms) = postSolution
		{F3D14A1C-5E63-4D39-BEA7-CD8C8E896F13}.Debug|Any CPU.ActiveCfg = Debug|Any CPU
		{F3D14A1C-5E63-4D39-BEA7-CD8C8E896F13}.Debug|Any CPU.Build.0 = Debug|Any CPU
		{F3D14A1C-5E63-4D39-BEA7-CD8C8E896F13}.Release|Any CPU.ActiveCfg = Release|Any CPU
		{F3D14A1C-5E63-4D39-BEA7-CD8C8E896F13}.Release|Any CPU.Build.0 = Release|Any CPU
		{47A50178-AA20-4AD4-837B-4E07D34DF84C}.Debug|Any CPU.ActiveCfg = Debug|Any CPU
		{47A50178-AA20-4AD4-837B-4E07D34DF84C}.Debug|Any CPU.Build.0 = Debug|Any CPU
		{47A50178-AA20-4AD4-837B-4E07D34DF84C}.Release|Any CPU.ActiveCfg = Release|Any CPU
		{47A50178-AA20-4AD4-837B-4E07D34DF84C}.Release|Any CPU.Build.0 = Release|Any CPU
		{CFF38649-E9BF-41C4-B2F3-4345889EB52F}.Debug|Any CPU.ActiveCfg = Debug|Any CPU
		{CFF38649-E9BF-41C4-B2F3-4345889EB52F}.Debug|Any CPU.Build.0 = Debug|Any CPU
		{CFF38649-E9BF-41C4-B2F3-4345889EB52F}.Release|Any CPU.ActiveCfg = Release|Any CPU
		{CFF38649-E9BF-41C4-B2F3-4345889EB52F}.Release|Any CPU.Build.0 = Release|Any CPU
		{E17C92E2-D4F7-45EF-AA24-4A8A934044B9}.Debug|Any CPU.ActiveCfg = Debug|Any CPU
		{E17C92E2-D4F7-45EF-AA24-4A8A934044B9}.Debug|Any CPU.Build.0 = Debug|Any CPU
		{E17C92E2-D4F7-45EF-AA24-4A8A934044B9}.Release|Any CPU.ActiveCfg = Release|Any CPU
		{E17C92E2-D4F7-45EF-AA24-4A8A934044B9}.Release|Any CPU.Build.0 = Release|Any CPU
		{6EB13A4D-8E41-4DCB-8428-45AF593E77CF}.Debug|Any CPU.ActiveCfg = Debug|Any CPU
		{6EB13A4D-8E41-4DCB-8428-45AF593E77CF}.Debug|Any CPU.Build.0 = Debug|Any CPU
		{6EB13A4D-8E41-4DCB-8428-45AF593E77CF}.Release|Any CPU.ActiveCfg = Release|Any CPU
		{6EB13A4D-8E41-4DCB-8428-45AF593E77CF}.Release|Any CPU.Build.0 = Release|Any CPU
		{B53F2EAF-5C02-4FD8-908A-B7533191D17E}.Debug|Any CPU.ActiveCfg = Debug|Any CPU
		{B53F2EAF-5C02-4FD8-908A-B7533191D17E}.Debug|Any CPU.Build.0 = Debug|Any CPU
		{B53F2EAF-5C02-4FD8-908A-B7533191D17E}.Release|Any CPU.ActiveCfg = Release|Any CPU
		{B53F2EAF-5C02-4FD8-908A-B7533191D17E}.Release|Any CPU.Build.0 = Release|Any CPU
	EndGlobalSection
	GlobalSection(SolutionProperties) = preSolution
		HideSolutionNode = FALSE
	EndGlobalSection
	GlobalSection(NestedProjects) = preSolution
		{F3D14A1C-5E63-4D39-BEA7-CD8C8E896F13} = {9346962D-5739-4BCF-88FD-43AFCCCEF0A6}
		{47A50178-AA20-4AD4-837B-4E07D34DF84C} = {9346962D-5739-4BCF-88FD-43AFCCCEF0A6}
		{CFF38649-E9BF-41C4-B2F3-4345889EB52F} = {B1F4EF7E-F28D-4FBF-B198-CA7F25234F64}
		{E17C92E2-D4F7-45EF-AA24-4A8A934044B9} = {78BC021B-940A-4913-B529-397E61772E11}
		{6EB13A4D-8E41-4DCB-8428-45AF593E77CF} = {C41B5EC8-FDAF-401D-AC14-568249BCFB4B}
		{B53F2EAF-5C02-4FD8-908A-B7533191D17E} = {78BC021B-940A-4913-B529-397E61772E11}
	EndGlobalSection
	GlobalSection(ExtensibilityGlobals) = postSolution
		SolutionGuid = {5EAB76AA-E5BC-4831-A57B-F8C76D342D39}
	EndGlobalSection
EndGlobal
